
Microsoft Visual Studio Solution File, Format Version 12.00
# Visual Studio Version 17
VisualStudioVersion = 17.0.31903.59
MinimumVisualStudioVersion = 10.0.40219.1
Project("{2150E333-8FDC-42A3-9474-1A3956D46DE8}") = "src", "src", "{94908229-A06D-4F4A-95FE-50D6578AE00A}"
EndProject
Project("{9A19103F-16F7-4668-BE54-9A1E7A4F7556}") = "Cms.Api", "Apis\Modules\Cms\Cms.Api\Cms.Api.csproj", "{813A7926-26F2-4F1B-8A5C-6D8332416470}"
EndProject
Project("{9A19103F-16F7-4668-BE54-9A1E7A4F7556}") = "Cms.Domain", "Apis\Modules\Cms\Cms.Domain\Cms.Domain.csproj", "{23D3AAE2-889C-4D0F-B007-522BBDB3EDA0}"
EndProject
Project("{9A19103F-16F7-4668-BE54-9A1E7A4F7556}") = "Cms.Infrastructure", "Apis\Modules\Cms\Cms.Infrastructure\Cms.Infrastructure.csproj", "{2FCAE5A5-682A-41EF-93A5-9ED263A9BD43}"
EndProject
Project("{2150E333-8FDC-42A3-9474-1A3956D46DE8}") = ".props", ".props", "{8BD8AE77-1AB1-4527-965E-7AD0D7B9BC24}"
	ProjectSection(SolutionItems) = preProject
		Directory.Build.props = Directory.Build.props
		Directory.Packages.props = Directory.Packages.props
		NuGet.config = NuGet.config
	EndProjectSection
EndProject
Project("{2150E333-8FDC-42A3-9474-1A3956D46DE8}") = "Apis", "Apis", "{A9C475F4-463F-4CFD-A7F6-FCCDCEB495D8}"
EndProject
Project("{2150E333-8FDC-42A3-9474-1A3956D46DE8}") = "Solution Items", "Solution Items", "{0587838F-470E-4E2D-8937-9947FC033683}"
	ProjectSection(SolutionItems) = preProject
		.editorconfig = .editorconfig
	EndProjectSection
EndProject
Project("{9A19103F-16F7-4668-BE54-9A1E7A4F7556}") = "Cms.Application", "Apis\Modules\Cms\Cms.Application\Cms.Application.csproj", "{4C9E0FA6-36DB-46C3-BCCB-8EB707F16DF2}"
EndProject
Project("{2150E333-8FDC-42A3-9474-1A3956D46DE8}") = "Modules", "Modules", "{562AB1CD-B0E4-47B5-8F57-B96E2BD00AC8}"
EndProject
Project("{FAE04EC0-301F-11D3-BF4B-00C04F79EFBC}") = "Api", "Apis\Api\Api.csproj", "{49D72A26-7D4C-4F38-B478-07CAA6B25D93}"
EndProject
Project("{2150E333-8FDC-42A3-9474-1A3956D46DE8}") = "Cms", "Cms", "{5F89155C-733D-40E8-ACBA-97FBDA0F70C7}"
EndProject
Project("{2150E333-8FDC-42A3-9474-1A3956D46DE8}") = "Auth", "Auth", "{E10F0D4A-907C-4E67-892C-C8C23AE7AD60}"
EndProject
Project("{2150E333-8FDC-42A3-9474-1A3956D46DE8}") = "Cdn", "Cdn", "{DE1AA31C-BDA3-4EC6-8961-606D7E0CE934}"
EndProject
Project("{FAE04EC0-301F-11D3-BF4B-00C04F79EFBC}") = "Auth.Api", "Apis\Modules\Auth\Auth.Api\Auth.Api.csproj", "{8CB7F898-B8B4-4BD8-8F4C-C7028C1E4C1C}"
EndProject
Project("{FAE04EC0-301F-11D3-BF4B-00C04F79EFBC}") = "Auth.Application", "Apis\Modules\Auth\Auth.Application\Auth.Application.csproj", "{2F1F5211-A148-4AFD-B4E7-782B286886C7}"
EndProject
Project("{FAE04EC0-301F-11D3-BF4B-00C04F79EFBC}") = "Auth.Domain", "Apis\Modules\Auth\Auth.Domain\Auth.Domain.csproj", "{DDFDC05C-2703-4C6A-BE90-4D808F1FB421}"
EndProject
Project("{FAE04EC0-301F-11D3-BF4B-00C04F79EFBC}") = "Auth.Infrastructure", "Apis\Modules\Auth\Auth.Infrastructure\Auth.Infrastructure.csproj", "{2BAE215E-E67A-43C8-9B50-C0F6BAFE8D77}"
EndProject
Project("{2150E333-8FDC-42A3-9474-1A3956D46DE8}") = "Common", "Common", "{2C0C98D7-D1B9-4218-8B39-3CAA0B03F6BB}"
EndProject
Project("{FAE04EC0-301F-11D3-BF4B-00C04F79EFBC}") = "Common.Api", "Apis\Modules\Common\Common.Api\Common.Api.csproj", "{7BDC3522-204C-44F0-98DC-35B0197E8814}"
EndProject
Project("{FAE04EC0-301F-11D3-BF4B-00C04F79EFBC}") = "Common.Application", "Apis\Modules\Common\Common.Application\Common.Application.csproj", "{0886B567-3E6D-4B5B-8925-EDD43B893706}"
EndProject
Project("{FAE04EC0-301F-11D3-BF4B-00C04F79EFBC}") = "Common.Domain", "Apis\Modules\Common\Common.Domain\Common.Domain.csproj", "{07E1755A-8406-469C-AC36-BD958F8CEBDA}"
EndProject
Project("{FAE04EC0-301F-11D3-BF4B-00C04F79EFBC}") = "Common.Infrastructure", "Apis\Modules\Common\Common.Infrastructure\Common.Infrastructure.csproj", "{96413294-10FF-42F4-9B1C-727E761EB7B5}"
EndProject
Project("{FAE04EC0-301F-11D3-BF4B-00C04F79EFBC}") = "Auth.Domain.Shared", "Apis\Modules\Auth\Auth.Domain.Shared\Auth.Domain.Shared.csproj", "{7C4BC38A-C5B3-4976-819D-C6EF99D88473}"
EndProject
Project("{FAE04EC0-301F-11D3-BF4B-00C04F79EFBC}") = "Auth.Application.Shared", "Apis\Modules\Auth\Auth.Application.Shared\Auth.Application.Shared.csproj", "{D9C5541A-3172-4CBE-984D-F32A6E12B6D2}"
EndProject
Project("{FAE04EC0-301F-11D3-BF4B-00C04F79EFBC}") = "Cms.Domain.Shared", "Apis\Modules\Cms\Cms.Domain.Shared\Cms.Domain.Shared.csproj", "{45D394EF-3027-454B-B655-8D5D664388DE}"
EndProject
Project("{FAE04EC0-301F-11D3-BF4B-00C04F79EFBC}") = "Cdn.Domain.Shared", "Apis\Modules\Cdn\Cdn.Domain.Shared\Cdn.Domain.Shared.csproj", "{3DD999F3-F933-462B-9023-A18066801A8B}"
EndProject
Project("{FAE04EC0-301F-11D3-BF4B-00C04F79EFBC}") = "Cdn.Domain", "Apis\Modules\Cdn\Cdn.Domain\Cdn.Domain.csproj", "{D0F5885C-3897-406C-8A0E-358B0F4DB583}"
EndProject
Project("{FAE04EC0-301F-11D3-BF4B-00C04F79EFBC}") = "Cdn.Application", "Apis\Modules\Cdn\Cdn.Application\Cdn.Application.csproj", "{E2610DF2-35B5-41EC-8E1A-C1B7A61BD654}"
EndProject
Project("{FAE04EC0-301F-11D3-BF4B-00C04F79EFBC}") = "Cdn.Application.Shared", "Apis\Modules\Cdn\Cdn.Application.Shared\Cdn.Application.Shared.csproj", "{CA84BF07-C8DE-4490-8C82-1E764CAB852C}"
EndProject
Project("{FAE04EC0-301F-11D3-BF4B-00C04F79EFBC}") = "Cdn.Api", "Apis\Modules\Cdn\Cdn.Api\Cdn.Api.csproj", "{2ACE7147-1EBA-4070-9779-52250E13ABC8}"
EndProject
Project("{FAE04EC0-301F-11D3-BF4B-00C04F79EFBC}") = "Cdn.Infrastructure", "Apis\Modules\Cdn\Cdn.Infrastructure\Cdn.Infrastructure.csproj", "{E73605EC-A938-434E-BD21-AB63E7A18785}"
EndProject
Project("{FAE04EC0-301F-11D3-BF4B-00C04F79EFBC}") = "Cms.Application.Shared", "Apis\Modules\Cms\Cms.Application.Shared\Cms.Application.Shared.csproj", "{3E1F039B-8D91-0822-1E77-FEAAD2756A85}"
EndProject
Project("{FAE04EC0-301F-11D3-BF4B-00C04F79EFBC}") = "Common.Application.Shared", "Apis\Modules\Common\Common.Application.Shared\Common.Application.Shared.csproj", "{373BEA09-F4E0-7751-3B78-6A8066928953}"
EndProject
Global
	GlobalSection(SolutionConfigurationPlatforms) = preSolution
		Debug|Any CPU = Debug|Any CPU
		Release|Any CPU = Release|Any CPU
	EndGlobalSection
	GlobalSection(ProjectConfigurationPlatforms) = postSolution
		{813A7926-26F2-4F1B-8A5C-6D8332416470}.Debug|Any CPU.ActiveCfg = Debug|Any CPU
		{813A7926-26F2-4F1B-8A5C-6D8332416470}.Debug|Any CPU.Build.0 = Debug|Any CPU
		{813A7926-26F2-4F1B-8A5C-6D8332416470}.Release|Any CPU.ActiveCfg = Release|Any CPU
		{813A7926-26F2-4F1B-8A5C-6D8332416470}.Release|Any CPU.Build.0 = Release|Any CPU
		{23D3AAE2-889C-4D0F-B007-522BBDB3EDA0}.Debug|Any CPU.ActiveCfg = Debug|Any CPU
		{23D3AAE2-889C-4D0F-B007-522BBDB3EDA0}.Debug|Any CPU.Build.0 = Debug|Any CPU
		{23D3AAE2-889C-4D0F-B007-522BBDB3EDA0}.Release|Any CPU.ActiveCfg = Release|Any CPU
		{23D3AAE2-889C-4D0F-B007-522BBDB3EDA0}.Release|Any CPU.Build.0 = Release|Any CPU
		{2FCAE5A5-682A-41EF-93A5-9ED263A9BD43}.Debug|Any CPU.ActiveCfg = Debug|Any CPU
		{2FCAE5A5-682A-41EF-93A5-9ED263A9BD43}.Debug|Any CPU.Build.0 = Debug|Any CPU
		{2FCAE5A5-682A-41EF-93A5-9ED263A9BD43}.Release|Any CPU.ActiveCfg = Release|Any CPU
		{2FCAE5A5-682A-41EF-93A5-9ED263A9BD43}.Release|Any CPU.Build.0 = Release|Any CPU
		{4C9E0FA6-36DB-46C3-BCCB-8EB707F16DF2}.Debug|Any CPU.ActiveCfg = Debug|Any CPU
		{4C9E0FA6-36DB-46C3-BCCB-8EB707F16DF2}.Debug|Any CPU.Build.0 = Debug|Any CPU
		{4C9E0FA6-36DB-46C3-BCCB-8EB707F16DF2}.Release|Any CPU.ActiveCfg = Release|Any CPU
		{4C9E0FA6-36DB-46C3-BCCB-8EB707F16DF2}.Release|Any CPU.Build.0 = Release|Any CPU
		{49D72A26-7D4C-4F38-B478-07CAA6B25D93}.Debug|Any CPU.ActiveCfg = Debug|Any CPU
		{49D72A26-7D4C-4F38-B478-07CAA6B25D93}.Debug|Any CPU.Build.0 = Debug|Any CPU
		{49D72A26-7D4C-4F38-B478-07CAA6B25D93}.Release|Any CPU.ActiveCfg = Release|Any CPU
		{49D72A26-7D4C-4F38-B478-07CAA6B25D93}.Release|Any CPU.Build.0 = Release|Any CPU
		{8CB7F898-B8B4-4BD8-8F4C-C7028C1E4C1C}.Debug|Any CPU.ActiveCfg = Debug|Any CPU
		{8CB7F898-B8B4-4BD8-8F4C-C7028C1E4C1C}.Debug|Any CPU.Build.0 = Debug|Any CPU
		{8CB7F898-B8B4-4BD8-8F4C-C7028C1E4C1C}.Release|Any CPU.ActiveCfg = Release|Any CPU
		{8CB7F898-B8B4-4BD8-8F4C-C7028C1E4C1C}.Release|Any CPU.Build.0 = Release|Any CPU
		{2F1F5211-A148-4AFD-B4E7-782B286886C7}.Debug|Any CPU.ActiveCfg = Debug|Any CPU
		{2F1F5211-A148-4AFD-B4E7-782B286886C7}.Debug|Any CPU.Build.0 = Debug|Any CPU
		{2F1F5211-A148-4AFD-B4E7-782B286886C7}.Release|Any CPU.ActiveCfg = Release|Any CPU
		{2F1F5211-A148-4AFD-B4E7-782B286886C7}.Release|Any CPU.Build.0 = Release|Any CPU
		{DDFDC05C-2703-4C6A-BE90-4D808F1FB421}.Debug|Any CPU.ActiveCfg = Debug|Any CPU
		{DDFDC05C-2703-4C6A-BE90-4D808F1FB421}.Debug|Any CPU.Build.0 = Debug|Any CPU
		{DDFDC05C-2703-4C6A-BE90-4D808F1FB421}.Release|Any CPU.ActiveCfg = Release|Any CPU
		{DDFDC05C-2703-4C6A-BE90-4D808F1FB421}.Release|Any CPU.Build.0 = Release|Any CPU
		{2BAE215E-E67A-43C8-9B50-C0F6BAFE8D77}.Debug|Any CPU.ActiveCfg = Debug|Any CPU
		{2BAE215E-E67A-43C8-9B50-C0F6BAFE8D77}.Debug|Any CPU.Build.0 = Debug|Any CPU
		{2BAE215E-E67A-43C8-9B50-C0F6BAFE8D77}.Release|Any CPU.ActiveCfg = Release|Any CPU
		{2BAE215E-E67A-43C8-9B50-C0F6BAFE8D77}.Release|Any CPU.Build.0 = Release|Any CPU
		{7BDC3522-204C-44F0-98DC-35B0197E8814}.Debug|Any CPU.ActiveCfg = Debug|Any CPU
		{7BDC3522-204C-44F0-98DC-35B0197E8814}.Debug|Any CPU.Build.0 = Debug|Any CPU
		{7BDC3522-204C-44F0-98DC-35B0197E8814}.Release|Any CPU.ActiveCfg = Release|Any CPU
		{7BDC3522-204C-44F0-98DC-35B0197E8814}.Release|Any CPU.Build.0 = Release|Any CPU
		{0886B567-3E6D-4B5B-8925-EDD43B893706}.Debug|Any CPU.ActiveCfg = Debug|Any CPU
		{0886B567-3E6D-4B5B-8925-EDD43B893706}.Debug|Any CPU.Build.0 = Debug|Any CPU
		{0886B567-3E6D-4B5B-8925-EDD43B893706}.Release|Any CPU.ActiveCfg = Release|Any CPU
		{0886B567-3E6D-4B5B-8925-EDD43B893706}.Release|Any CPU.Build.0 = Release|Any CPU
		{07E1755A-8406-469C-AC36-BD958F8CEBDA}.Debug|Any CPU.ActiveCfg = Debug|Any CPU
		{07E1755A-8406-469C-AC36-BD958F8CEBDA}.Debug|Any CPU.Build.0 = Debug|Any CPU
		{07E1755A-8406-469C-AC36-BD958F8CEBDA}.Release|Any CPU.ActiveCfg = Release|Any CPU
		{07E1755A-8406-469C-AC36-BD958F8CEBDA}.Release|Any CPU.Build.0 = Release|Any CPU
		{96413294-10FF-42F4-9B1C-727E761EB7B5}.Debug|Any CPU.ActiveCfg = Debug|Any CPU
		{96413294-10FF-42F4-9B1C-727E761EB7B5}.Debug|Any CPU.Build.0 = Debug|Any CPU
		{96413294-10FF-42F4-9B1C-727E761EB7B5}.Release|Any CPU.ActiveCfg = Release|Any CPU
		{96413294-10FF-42F4-9B1C-727E761EB7B5}.Release|Any CPU.Build.0 = Release|Any CPU
		{7C4BC38A-C5B3-4976-819D-C6EF99D88473}.Debug|Any CPU.ActiveCfg = Debug|Any CPU
		{7C4BC38A-C5B3-4976-819D-C6EF99D88473}.Debug|Any CPU.Build.0 = Debug|Any CPU
		{7C4BC38A-C5B3-4976-819D-C6EF99D88473}.Release|Any CPU.ActiveCfg = Release|Any CPU
		{7C4BC38A-C5B3-4976-819D-C6EF99D88473}.Release|Any CPU.Build.0 = Release|Any CPU
		{D9C5541A-3172-4CBE-984D-F32A6E12B6D2}.Debug|Any CPU.ActiveCfg = Debug|Any CPU
		{D9C5541A-3172-4CBE-984D-F32A6E12B6D2}.Debug|Any CPU.Build.0 = Debug|Any CPU
		{D9C5541A-3172-4CBE-984D-F32A6E12B6D2}.Release|Any CPU.ActiveCfg = Release|Any CPU
		{D9C5541A-3172-4CBE-984D-F32A6E12B6D2}.Release|Any CPU.Build.0 = Release|Any CPU
		{45D394EF-3027-454B-B655-8D5D664388DE}.Debug|Any CPU.ActiveCfg = Debug|Any CPU
		{45D394EF-3027-454B-B655-8D5D664388DE}.Debug|Any CPU.Build.0 = Debug|Any CPU
		{45D394EF-3027-454B-B655-8D5D664388DE}.Release|Any CPU.ActiveCfg = Release|Any CPU
		{45D394EF-3027-454B-B655-8D5D664388DE}.Release|Any CPU.Build.0 = Release|Any CPU
		{3DD999F3-F933-462B-9023-A18066801A8B}.Debug|Any CPU.ActiveCfg = Debug|Any CPU
		{3DD999F3-F933-462B-9023-A18066801A8B}.Debug|Any CPU.Build.0 = Debug|Any CPU
		{3DD999F3-F933-462B-9023-A18066801A8B}.Release|Any CPU.ActiveCfg = Release|Any CPU
		{3DD999F3-F933-462B-9023-A18066801A8B}.Release|Any CPU.Build.0 = Release|Any CPU
		{D0F5885C-3897-406C-8A0E-358B0F4DB583}.Debug|Any CPU.ActiveCfg = Debug|Any CPU
		{D0F5885C-3897-406C-8A0E-358B0F4DB583}.Debug|Any CPU.Build.0 = Debug|Any CPU
		{D0F5885C-3897-406C-8A0E-358B0F4DB583}.Release|Any CPU.ActiveCfg = Release|Any CPU
		{D0F5885C-3897-406C-8A0E-358B0F4DB583}.Release|Any CPU.Build.0 = Release|Any CPU
		{E2610DF2-35B5-41EC-8E1A-C1B7A61BD654}.Debug|Any CPU.ActiveCfg = Debug|Any CPU
		{E2610DF2-35B5-41EC-8E1A-C1B7A61BD654}.Debug|Any CPU.Build.0 = Debug|Any CPU
		{E2610DF2-35B5-41EC-8E1A-C1B7A61BD654}.Release|Any CPU.ActiveCfg = Release|Any CPU
		{E2610DF2-35B5-41EC-8E1A-C1B7A61BD654}.Release|Any CPU.Build.0 = Release|Any CPU
		{CA84BF07-C8DE-4490-8C82-1E764CAB852C}.Debug|Any CPU.ActiveCfg = Debug|Any CPU
		{CA84BF07-C8DE-4490-8C82-1E764CAB852C}.Debug|Any CPU.Build.0 = Debug|Any CPU
		{CA84BF07-C8DE-4490-8C82-1E764CAB852C}.Release|Any CPU.ActiveCfg = Release|Any CPU
		{CA84BF07-C8DE-4490-8C82-1E764CAB852C}.Release|Any CPU.Build.0 = Release|Any CPU
		{2ACE7147-1EBA-4070-9779-52250E13ABC8}.Debug|Any CPU.ActiveCfg = Debug|Any CPU
		{2ACE7147-1EBA-4070-9779-52250E13ABC8}.Debug|Any CPU.Build.0 = Debug|Any CPU
		{2ACE7147-1EBA-4070-9779-52250E13ABC8}.Release|Any CPU.ActiveCfg = Release|Any CPU
		{2ACE7147-1EBA-4070-9779-52250E13ABC8}.Release|Any CPU.Build.0 = Release|Any CPU
		{E73605EC-A938-434E-BD21-AB63E7A18785}.Debug|Any CPU.ActiveCfg = Debug|Any CPU
		{E73605EC-A938-434E-BD21-AB63E7A18785}.Debug|Any CPU.Build.0 = Debug|Any CPU
		{E73605EC-A938-434E-BD21-AB63E7A18785}.Release|Any CPU.ActiveCfg = Release|Any CPU
		{E73605EC-A938-434E-BD21-AB63E7A18785}.Release|Any CPU.Build.0 = Release|Any CPU
		{3E1F039B-8D91-0822-1E77-FEAAD2756A85}.Debug|Any CPU.ActiveCfg = Debug|Any CPU
		{3E1F039B-8D91-0822-1E77-FEAAD2756A85}.Debug|Any CPU.Build.0 = Debug|Any CPU
		{3E1F039B-8D91-0822-1E77-FEAAD2756A85}.Release|Any CPU.ActiveCfg = Release|Any CPU
		{3E1F039B-8D91-0822-1E77-FEAAD2756A85}.Release|Any CPU.Build.0 = Release|Any CPU
		{373BEA09-F4E0-7751-3B78-6A8066928953}.Debug|Any CPU.ActiveCfg = Debug|Any CPU
		{373BEA09-F4E0-7751-3B78-6A8066928953}.Debug|Any CPU.Build.0 = Debug|Any CPU
		{373BEA09-F4E0-7751-3B78-6A8066928953}.Release|Any CPU.ActiveCfg = Release|Any CPU
		{373BEA09-F4E0-7751-3B78-6A8066928953}.Release|Any CPU.Build.0 = Release|Any CPU
	EndGlobalSection
	GlobalSection(SolutionProperties) = preSolution
		HideSolutionNode = FALSE
	EndGlobalSection
	GlobalSection(NestedProjects) = preSolution
		{813A7926-26F2-4F1B-8A5C-6D8332416470} = {5F89155C-733D-40E8-ACBA-97FBDA0F70C7}
		{23D3AAE2-889C-4D0F-B007-522BBDB3EDA0} = {5F89155C-733D-40E8-ACBA-97FBDA0F70C7}
		{2FCAE5A5-682A-41EF-93A5-9ED263A9BD43} = {5F89155C-733D-40E8-ACBA-97FBDA0F70C7}
		{A9C475F4-463F-4CFD-A7F6-FCCDCEB495D8} = {94908229-A06D-4F4A-95FE-50D6578AE00A}
		{4C9E0FA6-36DB-46C3-BCCB-8EB707F16DF2} = {5F89155C-733D-40E8-ACBA-97FBDA0F70C7}
		{562AB1CD-B0E4-47B5-8F57-B96E2BD00AC8} = {94908229-A06D-4F4A-95FE-50D6578AE00A}
		{49D72A26-7D4C-4F38-B478-07CAA6B25D93} = {A9C475F4-463F-4CFD-A7F6-FCCDCEB495D8}
		{5F89155C-733D-40E8-ACBA-97FBDA0F70C7} = {562AB1CD-B0E4-47B5-8F57-B96E2BD00AC8}
		{E10F0D4A-907C-4E67-892C-C8C23AE7AD60} = {562AB1CD-B0E4-47B5-8F57-B96E2BD00AC8}
		{DE1AA31C-BDA3-4EC6-8961-606D7E0CE934} = {562AB1CD-B0E4-47B5-8F57-B96E2BD00AC8}
		{8CB7F898-B8B4-4BD8-8F4C-C7028C1E4C1C} = {E10F0D4A-907C-4E67-892C-C8C23AE7AD60}
		{2F1F5211-A148-4AFD-B4E7-782B286886C7} = {E10F0D4A-907C-4E67-892C-C8C23AE7AD60}
		{DDFDC05C-2703-4C6A-BE90-4D808F1FB421} = {E10F0D4A-907C-4E67-892C-C8C23AE7AD60}
		{2BAE215E-E67A-43C8-9B50-C0F6BAFE8D77} = {E10F0D4A-907C-4E67-892C-C8C23AE7AD60}
		{2C0C98D7-D1B9-4218-8B39-3CAA0B03F6BB} = {562AB1CD-B0E4-47B5-8F57-B96E2BD00AC8}
		{7BDC3522-204C-44F0-98DC-35B0197E8814} = {2C0C98D7-D1B9-4218-8B39-3CAA0B03F6BB}
		{0886B567-3E6D-4B5B-8925-EDD43B893706} = {2C0C98D7-D1B9-4218-8B39-3CAA0B03F6BB}
		{07E1755A-8406-469C-AC36-BD958F8CEBDA} = {2C0C98D7-D1B9-4218-8B39-3CAA0B03F6BB}
		{96413294-10FF-42F4-9B1C-727E761EB7B5} = {2C0C98D7-D1B9-4218-8B39-3CAA0B03F6BB}
		{7C4BC38A-C5B3-4976-819D-C6EF99D88473} = {E10F0D4A-907C-4E67-892C-C8C23AE7AD60}
		{D9C5541A-3172-4CBE-984D-F32A6E12B6D2} = {E10F0D4A-907C-4E67-892C-C8C23AE7AD60}
		{45D394EF-3027-454B-B655-8D5D664388DE} = {5F89155C-733D-40E8-ACBA-97FBDA0F70C7}
		{3DD999F3-F933-462B-9023-A18066801A8B} = {DE1AA31C-BDA3-4EC6-8961-606D7E0CE934}
		{D0F5885C-3897-406C-8A0E-358B0F4DB583} = {DE1AA31C-BDA3-4EC6-8961-606D7E0CE934}
		{E2610DF2-35B5-41EC-8E1A-C1B7A61BD654} = {DE1AA31C-BDA3-4EC6-8961-606D7E0CE934}
		{CA84BF07-C8DE-4490-8C82-1E764CAB852C} = {DE1AA31C-BDA3-4EC6-8961-606D7E0CE934}
		{2ACE7147-1EBA-4070-9779-52250E13ABC8} = {DE1AA31C-BDA3-4EC6-8961-606D7E0CE934}
		{E73605EC-A938-434E-BD21-AB63E7A18785} = {DE1AA31C-BDA3-4EC6-8961-606D7E0CE934}
		{3E1F039B-8D91-0822-1E77-FEAAD2756A85} = {5F89155C-733D-40E8-ACBA-97FBDA0F70C7}
		{373BEA09-F4E0-7751-3B78-6A8066928953} = {2C0C98D7-D1B9-4218-8B39-3CAA0B03F6BB}
	EndGlobalSection
	GlobalSection(ExtensibilityGlobals) = postSolution
		SolutionGuid = {3CB609D9-5D54-4C11-A371-DAAC8B74E430}
	EndGlobalSection
EndGlobal
